
Microsoft Visual Studio Solution File, Format Version 12.00
# Visual Studio Version 16
VisualStudioVersion = 16.0.30011.22
MinimumVisualStudioVersion = 10.0.40219.1
Project("{FAE04EC0-301F-11D3-BF4B-00C04F79EFBC}") = "Manual Pallet Change V1", "Manual Pallet Change V1\Manual Pallet Change V1.csproj", "{8A202656-D37D-4573-80FA-D0C5D46098D5}"
EndProject
Global
	GlobalSection(SolutionConfigurationPlatforms) = preSolution
		Debug|Any CPU = Debug|Any CPU
		Release|Any CPU = Release|Any CPU
	EndGlobalSection
	GlobalSection(ProjectConfigurationPlatforms) = postSolution
		{8A202656-D37D-4573-80FA-D0C5D46098D5}.Debug|Any CPU.ActiveCfg = Debug|Any CPU
		{8A202656-D37D-4573-80FA-D0C5D46098D5}.Debug|Any CPU.Build.0 = Debug|Any CPU
		{8A202656-D37D-4573-80FA-D0C5D46098D5}.Release|Any CPU.ActiveCfg = Release|Any CPU
		{8A202656-D37D-4573-80FA-D0C5D46098D5}.Release|Any CPU.Build.0 = Release|Any CPU
	EndGlobalSection
	GlobalSection(SolutionProperties) = preSolution
		HideSolutionNode = FALSE
	EndGlobalSection
	GlobalSection(ExtensibilityGlobals) = postSolution
		SolutionGuid = {743E74E7-B5A7-4A17-BD0F-F0AB85E0ECB1}
	EndGlobalSection
EndGlobal
